
Microsoft Visual Studio Solution File, Format Version 12.00
# Visual Studio Version 16
VisualStudioVersion = 16.0.30804.86
MinimumVisualStudioVersion = 10.0.40219.1
Project("{9A19103F-16F7-4668-BE54-9A1E7A4F7556}") = "MavcaDetection", "MavcaDetection\MavcaDetection.csproj", "{5C49E057-BD6F-4435-A79F-2339C10DF11F}"
EndProject
Project("{54435603-DBB4-11D2-8724-00A0C9A8B90C}") = "MavcaDetectionSetup", "MavcaDetectionSetup\MavcaDetectionSetup.vdproj", "{9EC07CC9-07EF-463C-A58E-56362C1CCA6B}"
EndProject
Global
	GlobalSection(SolutionConfigurationPlatforms) = preSolution
		Debug|Any CPU = Debug|Any CPU
		Release|Any CPU = Release|Any CPU
	EndGlobalSection
	GlobalSection(ProjectConfigurationPlatforms) = postSolution
		{5C49E057-BD6F-4435-A79F-2339C10DF11F}.Debug|Any CPU.ActiveCfg = Debug|Any CPU
		{5C49E057-BD6F-4435-A79F-2339C10DF11F}.Debug|Any CPU.Build.0 = Debug|Any CPU
		{5C49E057-BD6F-4435-A79F-2339C10DF11F}.Release|Any CPU.ActiveCfg = Release|Any CPU
		{5C49E057-BD6F-4435-A79F-2339C10DF11F}.Release|Any CPU.Build.0 = Release|Any CPU
		{9EC07CC9-07EF-463C-A58E-56362C1CCA6B}.Debug|Any CPU.ActiveCfg = Debug
		{9EC07CC9-07EF-463C-A58E-56362C1CCA6B}.Release|Any CPU.ActiveCfg = Release
	EndGlobalSection
	GlobalSection(SolutionProperties) = preSolution
		HideSolutionNode = FALSE
	EndGlobalSection
	GlobalSection(ExtensibilityGlobals) = postSolution
		SolutionGuid = {97E1882B-511D-44C3-91B9-DEEEA6AE3BA1}
	EndGlobalSection
EndGlobal
